
Microsoft Visual Studio Solution File, Format Version 12.00
# Visual Studio Version 16
VisualStudioVersion = 16.0.30717.126
MinimumVisualStudioVersion = 10.0.40219.1
Project("{FAE04EC0-301F-11D3-BF4B-00C04F79EFBC}") = "WF_Grafic", "WF_Grafic.csproj", "{1E64D298-0680-4BAB-AB96-E23447579156}"
EndProject
Global
	GlobalSection(SolutionConfigurationPlatforms) = preSolution
		Debug|Any CPU = Debug|Any CPU
		Release|Any CPU = Release|Any CPU
	EndGlobalSection
	GlobalSection(ProjectConfigurationPlatforms) = postSolution
		{1E64D298-0680-4BAB-AB96-E23447579156}.Debug|Any CPU.ActiveCfg = Debug|Any CPU
		{1E64D298-0680-4BAB-AB96-E23447579156}.Debug|Any CPU.Build.0 = Debug|Any CPU
		{1E64D298-0680-4BAB-AB96-E23447579156}.Release|Any CPU.ActiveCfg = Release|Any CPU
		{1E64D298-0680-4BAB-AB96-E23447579156}.Release|Any CPU.Build.0 = Release|Any CPU
	EndGlobalSection
	GlobalSection(SolutionProperties) = preSolution
		HideSolutionNode = FALSE
	EndGlobalSection
	GlobalSection(ExtensibilityGlobals) = postSolution
		SolutionGuid = {64C1D6C0-59AA-4175-A18A-2A3AF549965A}
	EndGlobalSection
EndGlobal
